
Microsoft Visual Studio Solution File, Format Version 12.00
# Visual Studio Version 16
VisualStudioVersion = 16.0.31019.35
MinimumVisualStudioVersion = 10.0.40219.1
Project("{FAE04EC0-301F-11D3-BF4B-00C04F79EFBC}") = "FootballTeam", "FootballTeam.csproj", "{52B1DB4F-BA2D-4242-BBFF-0CF441833332}"
EndProject
Global
	GlobalSection(SolutionConfigurationPlatforms) = preSolution
		Debug|Any CPU = Debug|Any CPU
		Release|Any CPU = Release|Any CPU
	EndGlobalSection
	GlobalSection(ProjectConfigurationPlatforms) = postSolution
		{52B1DB4F-BA2D-4242-BBFF-0CF441833332}.Debug|Any CPU.ActiveCfg = Debug|Any CPU
		{52B1DB4F-BA2D-4242-BBFF-0CF441833332}.Debug|Any CPU.Build.0 = Debug|Any CPU
		{52B1DB4F-BA2D-4242-BBFF-0CF441833332}.Release|Any CPU.ActiveCfg = Release|Any CPU
		{52B1DB4F-BA2D-4242-BBFF-0CF441833332}.Release|Any CPU.Build.0 = Release|Any CPU
	EndGlobalSection
	GlobalSection(SolutionProperties) = preSolution
		HideSolutionNode = FALSE
	EndGlobalSection
	GlobalSection(ExtensibilityGlobals) = postSolution
		SolutionGuid = {3F9F72A5-4B6B-4F75-8FD3-936EFDD25D62}
	EndGlobalSection
EndGlobal
